// !$*UTF8*$!
{
	archiveVersion = 1;
	classes = {
	};
	objectVersion = 46;
	objects = {

/* Begin PBXBuildFile section */
		191013141AFAD81600AFD04E /* footBallField.jpg in Resources */ = {isa = PBXBuildFile; fileRef = 191013131AFAD81600AFD04E /* footBallField.jpg */; };
		191013161AFAD95600AFD04E /* volleyBallCourt1.png in Resources */ = {isa = PBXBuildFile; fileRef = 191013151AFAD95600AFD04E /* volleyBallCourt1.png */; };
		191013191AFADB3100AFD04E /* cre.png in Resources */ = {isa = PBXBuildFile; fileRef = 191013171AFADB3100AFD04E /* cre.png */; };
		1910131A1AFADB3100AFD04E /* neb.png in Resources */ = {isa = PBXBuildFile; fileRef = 191013181AFADB3100AFD04E /* neb.png */; };
		1910131C1AFAFC1A00AFD04E /* profilePlaceholder.jpg in Resources */ = {isa = PBXBuildFile; fileRef = 1910131B1AFAFC1A00AFD04E /* profilePlaceholder.jpg */; };
		19192E271ACFA459004065E7 /* status-gray@1x.png in Resources */ = {isa = PBXBuildFile; fileRef = 19192E1E1ACFA459004065E7 /* status-gray@1x.png */; };
		19192E281ACFA459004065E7 /* status-gray@2x.png in Resources */ = {isa = PBXBuildFile; fileRef = 19192E1F1ACFA459004065E7 /* status-gray@2x.png */; };
		19192E291ACFA459004065E7 /* status-gray@3x.png in Resources */ = {isa = PBXBuildFile; fileRef = 19192E201ACFA459004065E7 /* status-gray@3x.png */; };
		19192E2A1ACFA459004065E7 /* status-green@1x.png in Resources */ = {isa = PBXBuildFile; fileRef = 19192E211ACFA459004065E7 /* status-green@1x.png */; };
		19192E2B1ACFA459004065E7 /* status-green@2x.png in Resources */ = {isa = PBXBuildFile; fileRef = 19192E221ACFA459004065E7 /* status-green@2x.png */; };
		19192E2C1ACFA459004065E7 /* status-green@3x.png in Resources */ = {isa = PBXBuildFile; fileRef = 19192E231ACFA459004065E7 /* status-green@3x.png */; };
		19192E2D1ACFA459004065E7 /* status-yellow@1x.png in Resources */ = {isa = PBXBuildFile; fileRef = 19192E241ACFA459004065E7 /* status-yellow@1x.png */; };
		19192E2E1ACFA459004065E7 /* status-yellow@2x.png in Resources */ = {isa = PBXBuildFile; fileRef = 19192E251ACFA459004065E7 /* status-yellow@2x.png */; };
		19192E2F1ACFA459004065E7 /* status-yellow@3x.png in Resources */ = {isa = PBXBuildFile; fileRef = 19192E261ACFA459004065E7 /* status-yellow@3x.png */; };
		19192E611ACFAA5D004065E7 /* personal-hotspot@1x.png in Resources */ = {isa = PBXBuildFile; fileRef = 19192E431ACFAA5D004065E7 /* personal-hotspot@1x.png */; };
		19192E621ACFAA5D004065E7 /* personal-hotspot@2x.png in Resources */ = {isa = PBXBuildFile; fileRef = 19192E441ACFAA5D004065E7 /* personal-hotspot@2x.png */; };
		19192E631ACFAA5D004065E7 /* personal-hotspot@3x.png in Resources */ = {isa = PBXBuildFile; fileRef = 19192E451ACFAA5D004065E7 /* personal-hotspot@3x.png */; };
		19192E641ACFAA5D004065E7 /* play@1x.png in Resources */ = {isa = PBXBuildFile; fileRef = 19192E461ACFAA5D004065E7 /* play@1x.png */; };
		19192E651ACFAA5D004065E7 /* play@2x.png in Resources */ = {isa = PBXBuildFile; fileRef = 19192E471ACFAA5D004065E7 /* play@2x.png */; };
		19192E661ACFAA5D004065E7 /* play@3x.png in Resources */ = {isa = PBXBuildFile; fileRef = 19192E481ACFAA5D004065E7 /* play@3x.png */; };
		19192E671ACFAA5D004065E7 /* rss@1x.png in Resources */ = {isa = PBXBuildFile; fileRef = 19192E491ACFAA5D004065E7 /* rss@1x.png */; };
		19192E681ACFAA5D004065E7 /* rss@2x.png in Resources */ = {isa = PBXBuildFile; fileRef = 19192E4A1ACFAA5D004065E7 /* rss@2x.png */; };
		19192E691ACFAA5D004065E7 /* rss@3x.png in Resources */ = {isa = PBXBuildFile; fileRef = 19192E4B1ACFAA5D004065E7 /* rss@3x.png */; };
		19192E6A1ACFAA5D004065E7 /* social@1x.png in Resources */ = {isa = PBXBuildFile; fileRef = 19192E4C1ACFAA5D004065E7 /* social@1x.png */; };
		19192E6B1ACFAA5D004065E7 /* social@2x.png in Resources */ = {isa = PBXBuildFile; fileRef = 19192E4D1ACFAA5D004065E7 /* social@2x.png */; };
		19192E6C1ACFAA5D004065E7 /* social@3x.png in Resources */ = {isa = PBXBuildFile; fileRef = 19192E4E1ACFAA5D004065E7 /* social@3x.png */; };
		194AE71E1AF6E16C0015276D /* Bolts.framework in Frameworks */ = {isa = PBXBuildFile; fileRef = 194AE71C1AF6E16C0015276D /* Bolts.framework */; };
		194AE71F1AF6E16C0015276D /* Parse.framework in Frameworks */ = {isa = PBXBuildFile; fileRef = 194AE71D1AF6E16C0015276D /* Parse.framework */; };
		194AE7211AF6E1D30015276D /* AudioToolbox.framework in Frameworks */ = {isa = PBXBuildFile; fileRef = 194AE7201AF6E1D30015276D /* AudioToolbox.framework */; };
		194AE7231AF6E3A60015276D /* CFNetwork.framework in Frameworks */ = {isa = PBXBuildFile; fileRef = 194AE7221AF6E3A60015276D /* CFNetwork.framework */; };
		194AE7251AF6E3AC0015276D /* CoreGraphics.framework in Frameworks */ = {isa = PBXBuildFile; fileRef = 194AE7241AF6E3AC0015276D /* CoreGraphics.framework */; };
		194AE7271AF6E3B10015276D /* CoreLocation.framework in Frameworks */ = {isa = PBXBuildFile; fileRef = 194AE7261AF6E3B10015276D /* CoreLocation.framework */; };
		194AE7291AF6E3B80015276D /* MobileCoreServices.framework in Frameworks */ = {isa = PBXBuildFile; fileRef = 194AE7281AF6E3B80015276D /* MobileCoreServices.framework */; };
		194AE72B1AF6E3BE0015276D /* QuartzCore.framework in Frameworks */ = {isa = PBXBuildFile; fileRef = 194AE72A1AF6E3BE0015276D /* QuartzCore.framework */; };
		194AE72D1AF6E3C40015276D /* Security.framework in Frameworks */ = {isa = PBXBuildFile; fileRef = 194AE72C1AF6E3C40015276D /* Security.framework */; };
		194AE72F1AF6E3CA0015276D /* StoreKit.framework in Frameworks */ = {isa = PBXBuildFile; fileRef = 194AE72E1AF6E3CA0015276D /* StoreKit.framework */; };
		194AE7311AF6E3D00015276D /* SystemConfiguration.framework in Frameworks */ = {isa = PBXBuildFile; fileRef = 194AE7301AF6E3D00015276D /* SystemConfiguration.framework */; };
		194AE7331AF6E3D60015276D /* libz.dylib in Frameworks */ = {isa = PBXBuildFile; fileRef = 194AE7321AF6E3D60015276D /* libz.dylib */; };
		194AE7351AF6E3DE0015276D /* libsqlite3.dylib in Frameworks */ = {isa = PBXBuildFile; fileRef = 194AE7341AF6E3DE0015276D /* libsqlite3.dylib */; };
		194AE7371AF6E3E70015276D /* Accounts.framework in Frameworks */ = {isa = PBXBuildFile; fileRef = 194AE7361AF6E3E70015276D /* Accounts.framework */; };
		194AE7391AF6E3ED0015276D /* Social.framework in Frameworks */ = {isa = PBXBuildFile; fileRef = 194AE7381AF6E3ED0015276D /* Social.framework */; };
		195C1A741ACF8693008D60C3 /* AppDelegate.swift in Sources */ = {isa = PBXBuildFile; fileRef = 195C1A731ACF8693008D60C3 /* AppDelegate.swift */; };
		195C1A791ACF8693008D60C3 /* Main.storyboard in Resources */ = {isa = PBXBuildFile; fileRef = 195C1A771ACF8693008D60C3 /* Main.storyboard */; };
		195C1A7E1ACF8693008D60C3 /* LaunchScreen.xib in Resources */ = {isa = PBXBuildFile; fileRef = 195C1A7C1ACF8693008D60C3 /* LaunchScreen.xib */; };
		195C1A8A1ACF8693008D60C3 /* calagramTests.swift in Sources */ = {isa = PBXBuildFile; fileRef = 195C1A891ACF8693008D60C3 /* calagramTests.swift */; };
		195C1A941ACF8746008D60C3 /* JCHomeViewController.swift in Sources */ = {isa = PBXBuildFile; fileRef = 195C1A931ACF8746008D60C3 /* JCHomeViewController.swift */; };
		1988DF861B0296A900249AC9 /* Media.xcassets in Resources */ = {isa = PBXBuildFile; fileRef = 1988DF851B0296A900249AC9 /* Media.xcassets */; };
		1990B5901B3C900300543825 /* FacebookSDK.framework in Frameworks */ = {isa = PBXBuildFile; fileRef = 1990B58F1B3C900300543825 /* FacebookSDK.framework */; };
		19ED7DD21AF8476F006D7C18 /* back@1x.png in Resources */ = {isa = PBXBuildFile; fileRef = 19ED7DA31AF8476F006D7C18 /* back@1x.png */; };
		19ED7DD31AF8476F006D7C18 /* calendar@1x.png in Resources */ = {isa = PBXBuildFile; fileRef = 19ED7DA41AF8476F006D7C18 /* calendar@1x.png */; };
		19ED7DD41AF8476F006D7C18 /* camera@1x.png in Resources */ = {isa = PBXBuildFile; fileRef = 19ED7DA51AF8476F006D7C18 /* camera@1x.png */; };
		19ED7DD51AF8476F006D7C18 /* chat@1x.png in Resources */ = {isa = PBXBuildFile; fileRef = 19ED7DA61AF8476F006D7C18 /* chat@1x.png */; };
		19ED7DD61AF8476F006D7C18 /* chat_filled@1x.png in Resources */ = {isa = PBXBuildFile; fileRef = 19ED7DA71AF8476F006D7C18 /* chat_filled@1x.png */; };
		19ED7DD71AF8476F006D7C18 /* compass@1x.png in Resources */ = {isa = PBXBuildFile; fileRef = 19ED7DA81AF8476F006D7C18 /* compass@1x.png */; };
		19ED7DD81AF8476F006D7C18 /* copyright@1x.png in Resources */ = {isa = PBXBuildFile; fileRef = 19ED7DA91AF8476F006D7C18 /* copyright@1x.png */; };
		19ED7DD91AF8476F006D7C18 /* home@1x.png in Resources */ = {isa = PBXBuildFile; fileRef = 19ED7DAA1AF8476F006D7C18 /* home@1x.png */; };
		19ED7DDA1AF8476F006D7C18 /* info@1x.png in Resources */ = {isa = PBXBuildFile; fileRef = 19ED7DAB1AF8476F006D7C18 /* info@1x.png */; };
		19ED7DDB1AF8476F006D7C18 /* location@1x.png in Resources */ = {isa = PBXBuildFile; fileRef = 19ED7DAC1AF8476F006D7C18 /* location@1x.png */; };
		19ED7DDC1AF8476F006D7C18 /* location_filled@1x.png in Resources */ = {isa = PBXBuildFile; fileRef = 19ED7DAD1AF8476F006D7C18 /* location_filled@1x.png */; };
		19ED7DDD1AF8476F006D7C18 /* user_male@1x.png in Resources */ = {isa = PBXBuildFile; fileRef = 19ED7DAE1AF8476F006D7C18 /* user_male@1x.png */; };
		19ED7DDE1AF8476F006D7C18 /* user_male_circle@1x.png in Resources */ = {isa = PBXBuildFile; fileRef = 19ED7DAF1AF8476F006D7C18 /* user_male_circle@1x.png */; };
		19ED7DDF1AF8476F006D7C18 /* user_male_circle_filled@1x.png in Resources */ = {isa = PBXBuildFile; fileRef = 19ED7DB01AF8476F006D7C18 /* user_male_circle_filled@1x.png */; };
		19ED7DE01AF8476F006D7C18 /* user_male_filled@1x.png in Resources */ = {isa = PBXBuildFile; fileRef = 19ED7DB11AF8476F006D7C18 /* user_male_filled@1x.png */; };
		19ED7DE11AF8476F006D7C18 /* back@2x.png in Resources */ = {isa = PBXBuildFile; fileRef = 19ED7DB31AF8476F006D7C18 /* back@2x.png */; };
		19ED7DE21AF8476F006D7C18 /* calendar@2x.png in Resources */ = {isa = PBXBuildFile; fileRef = 19ED7DB41AF8476F006D7C18 /* calendar@2x.png */; };
		19ED7DE31AF8476F006D7C18 /* camera@2x.png in Resources */ = {isa = PBXBuildFile; fileRef = 19ED7DB51AF8476F006D7C18 /* camera@2x.png */; };
		19ED7DE41AF8476F006D7C18 /* chat@2x.png in Resources */ = {isa = PBXBuildFile; fileRef = 19ED7DB61AF8476F006D7C18 /* chat@2x.png */; };
		19ED7DE51AF8476F006D7C18 /* chat_filled@2x.png in Resources */ = {isa = PBXBuildFile; fileRef = 19ED7DB71AF8476F006D7C18 /* chat_filled@2x.png */; };
		19ED7DE61AF8476F006D7C18 /* compass@2x.png in Resources */ = {isa = PBXBuildFile; fileRef = 19ED7DB81AF8476F006D7C18 /* compass@2x.png */; };
		19ED7DE71AF8476F006D7C18 /* copyright@2x.png in Resources */ = {isa = PBXBuildFile; fileRef = 19ED7DB91AF8476F006D7C18 /* copyright@2x.png */; };
		19ED7DE81AF8476F006D7C18 /* home@2x.png in Resources */ = {isa = PBXBuildFile; fileRef = 19ED7DBA1AF8476F006D7C18 /* home@2x.png */; };
		19ED7DE91AF8476F006D7C18 /* info@2x.png in Resources */ = {isa = PBXBuildFile; fileRef = 19ED7DBB1AF8476F006D7C18 /* info@2x.png */; };
		19ED7DEA1AF8476F006D7C18 /* location@2x.png in Resources */ = {isa = PBXBuildFile; fileRef = 19ED7DBC1AF8476F006D7C18 /* location@2x.png */; };
		19ED7DEB1AF8476F006D7C18 /* location_filled@2x.png in Resources */ = {isa = PBXBuildFile; fileRef = 19ED7DBD1AF8476F006D7C18 /* location_filled@2x.png */; };
		19ED7DEC1AF8476F006D7C18 /* user_male@2x.png in Resources */ = {isa = PBXBuildFile; fileRef = 19ED7DBE1AF8476F006D7C18 /* user_male@2x.png */; };
		19ED7DED1AF8476F006D7C18 /* user_male_circle@2x.png in Resources */ = {isa = PBXBuildFile; fileRef = 19ED7DBF1AF8476F006D7C18 /* user_male_circle@2x.png */; };
		19ED7DEE1AF8476F006D7C18 /* user_male_circle_filled@2x.png in Resources */ = {isa = PBXBuildFile; fileRef = 19ED7DC01AF8476F006D7C18 /* user_male_circle_filled@2x.png */; };
		19ED7DEF1AF8476F006D7C18 /* user_male_filled@2x@2x.png in Resources */ = {isa = PBXBuildFile; fileRef = 19ED7DC11AF8476F006D7C18 /* user_male_filled@2x@2x.png */; };
		19ED7DF01AF8476F006D7C18 /* back@3x.png in Resources */ = {isa = PBXBuildFile; fileRef = 19ED7DC31AF8476F006D7C18 /* back@3x.png */; };
		19ED7DF11AF8476F006D7C18 /* calendar@3x.png in Resources */ = {isa = PBXBuildFile; fileRef = 19ED7DC41AF8476F006D7C18 /* calendar@3x.png */; };
		19ED7DF21AF8476F006D7C18 /* camera@3x.png in Resources */ = {isa = PBXBuildFile; fileRef = 19ED7DC51AF8476F006D7C18 /* camera@3x.png */; };
		19ED7DF31AF8476F006D7C18 /* chat@3x.png in Resources */ = {isa = PBXBuildFile; fileRef = 19ED7DC61AF8476F006D7C18 /* chat@3x.png */; };
		19ED7DF41AF8476F006D7C18 /* chat_filled@3x.png in Resources */ = {isa = PBXBuildFile; fileRef = 19ED7DC71AF8476F006D7C18 /* chat_filled@3x.png */; };
		19ED7DF51AF8476F006D7C18 /* compass@3x.png in Resources */ = {isa = PBXBuildFile; fileRef = 19ED7DC81AF8476F006D7C18 /* compass@3x.png */; };
		19ED7DF61AF8476F006D7C18 /* copyright@3x.png in Resources */ = {isa = PBXBuildFile; fileRef = 19ED7DC91AF8476F006D7C18 /* copyright@3x.png */; };
		19ED7DF71AF8476F006D7C18 /* home@3x.png in Resources */ = {isa = PBXBuildFile; fileRef = 19ED7DCA1AF8476F006D7C18 /* home@3x.png */; };
		19ED7DF81AF8476F006D7C18 /* info@3x.png in Resources */ = {isa = PBXBuildFile; fileRef = 19ED7DCB1AF8476F006D7C18 /* info@3x.png */; };
		19ED7DF91AF8476F006D7C18 /* location@3x.png in Resources */ = {isa = PBXBuildFile; fileRef = 19ED7DCC1AF8476F006D7C18 /* location@3x.png */; };
		19ED7DFA1AF8476F006D7C18 /* location_filled@3x.png in Resources */ = {isa = PBXBuildFile; fileRef = 19ED7DCD1AF8476F006D7C18 /* location_filled@3x.png */; };
		19ED7DFB1AF8476F006D7C18 /* user_male@3x.png in Resources */ = {isa = PBXBuildFile; fileRef = 19ED7DCE1AF8476F006D7C18 /* user_male@3x.png */; };
		19ED7DFC1AF8476F006D7C18 /* user_male_circle@3x.png in Resources */ = {isa = PBXBuildFile; fileRef = 19ED7DCF1AF8476F006D7C18 /* user_male_circle@3x.png */; };
		19ED7DFD1AF8476F006D7C18 /* user_male_circle_filled@3x.png in Resources */ = {isa = PBXBuildFile; fileRef = 19ED7DD01AF8476F006D7C18 /* user_male_circle_filled@3x.png */; };
		19ED7DFE1AF8476F006D7C18 /* user_male_filled@3x.png in Resources */ = {isa = PBXBuildFile; fileRef = 19ED7DD11AF8476F006D7C18 /* user_male_filled@3x.png */; };
		19ED7E001AF84E89006D7C18 /* LoginViewController.swift in Sources */ = {isa = PBXBuildFile; fileRef = 19ED7DFF1AF84E89006D7C18 /* LoginViewController.swift */; };
		19ED7E021AF86186006D7C18 /* JCSearchViewController.swift in Sources */ = {isa = PBXBuildFile; fileRef = 19ED7E011AF86186006D7C18 /* JCSearchViewController.swift */; };
		19ED7E041AF86198006D7C18 /* JCCalagramViewController.swift in Sources */ = {isa = PBXBuildFile; fileRef = 19ED7E031AF86198006D7C18 /* JCCalagramViewController.swift */; };
		19ED7E061AF86289006D7C18 /* JCBusinessProfileViewController.swift in Sources */ = {isa = PBXBuildFile; fileRef = 19ED7E051AF86289006D7C18 /* JCBusinessProfileViewController.swift */; };
/* End PBXBuildFile section */

/* Begin PBXContainerItemProxy section */
		195C1A841ACF8693008D60C3 /* PBXContainerItemProxy */ = {
			isa = PBXContainerItemProxy;
			containerPortal = 195C1A661ACF8693008D60C3 /* Project object */;
			proxyType = 1;
			remoteGlobalIDString = 195C1A6D1ACF8693008D60C3;
			remoteInfo = calagram;
		};
/* End PBXContainerItemProxy section */

/* Begin PBXFileReference section */
		191013131AFAD81600AFD04E /* footBallField.jpg */ = {isa = PBXFileReference; lastKnownFileType = image.jpeg; path = footBallField.jpg; sourceTree = "<group>"; };
		191013151AFAD95600AFD04E /* volleyBallCourt1.png */ = {isa = PBXFileReference; lastKnownFileType = image.png; path = volleyBallCourt1.png; sourceTree = "<group>"; };
		191013171AFADB3100AFD04E /* cre.png */ = {isa = PBXFileReference; lastKnownFileType = image.png; path = cre.png; sourceTree = "<group>"; };
		191013181AFADB3100AFD04E /* neb.png */ = {isa = PBXFileReference; lastKnownFileType = image.png; path = neb.png; sourceTree = "<group>"; };
		1910131B1AFAFC1A00AFD04E /* profilePlaceholder.jpg */ = {isa = PBXFileReference; lastKnownFileType = image.jpeg; path = profilePlaceholder.jpg; sourceTree = "<group>"; };
		19192E1E1ACFA459004065E7 /* status-gray@1x.png */ = {isa = PBXFileReference; lastKnownFileType = image.png; path = "status-gray@1x.png"; sourceTree = "<group>"; };
		19192E1F1ACFA459004065E7 /* status-gray@2x.png */ = {isa = PBXFileReference; lastKnownFileType = image.png; path = "status-gray@2x.png"; sourceTree = "<group>"; };
		19192E201ACFA459004065E7 /* status-gray@3x.png */ = {isa = PBXFileReference; lastKnownFileType = image.png; path = "status-gray@3x.png"; sourceTree = "<group>"; };
		19192E211ACFA459004065E7 /* status-green@1x.png */ = {isa = PBXFileReference; lastKnownFileType = image.png; path = "status-green@1x.png"; sourceTree = "<group>"; };
		19192E221ACFA459004065E7 /* status-green@2x.png */ = {isa = PBXFileReference; lastKnownFileType = image.png; path = "status-green@2x.png"; sourceTree = "<group>"; };
		19192E231ACFA459004065E7 /* status-green@3x.png */ = {isa = PBXFileReference; lastKnownFileType = image.png; path = "status-green@3x.png"; sourceTree = "<group>"; };
		19192E241ACFA459004065E7 /* status-yellow@1x.png */ = {isa = PBXFileReference; lastKnownFileType = image.png; path = "status-yellow@1x.png"; sourceTree = "<group>"; };
		19192E251ACFA459004065E7 /* status-yellow@2x.png */ = {isa = PBXFileReference; lastKnownFileType = image.png; path = "status-yellow@2x.png"; sourceTree = "<group>"; };
		19192E261ACFA459004065E7 /* status-yellow@3x.png */ = {isa = PBXFileReference; lastKnownFileType = image.png; path = "status-yellow@3x.png"; sourceTree = "<group>"; };
		19192E431ACFAA5D004065E7 /* personal-hotspot@1x.png */ = {isa = PBXFileReference; lastKnownFileType = image.png; path = "personal-hotspot@1x.png"; sourceTree = "<group>"; };
		19192E441ACFAA5D004065E7 /* personal-hotspot@2x.png */ = {isa = PBXFileReference; lastKnownFileType = image.png; path = "personal-hotspot@2x.png"; sourceTree = "<group>"; };
		19192E451ACFAA5D004065E7 /* personal-hotspot@3x.png */ = {isa = PBXFileReference; lastKnownFileType = image.png; path = "personal-hotspot@3x.png"; sourceTree = "<group>"; };
		19192E461ACFAA5D004065E7 /* play@1x.png */ = {isa = PBXFileReference; lastKnownFileType = image.png; path = "play@1x.png"; sourceTree = "<group>"; };
		19192E471ACFAA5D004065E7 /* play@2x.png */ = {isa = PBXFileReference; lastKnownFileType = image.png; path = "play@2x.png"; sourceTree = "<group>"; };
		19192E481ACFAA5D004065E7 /* play@3x.png */ = {isa = PBXFileReference; lastKnownFileType = image.png; path = "play@3x.png"; sourceTree = "<group>"; };
		19192E491ACFAA5D004065E7 /* rss@1x.png */ = {isa = PBXFileReference; lastKnownFileType = image.png; path = "rss@1x.png"; sourceTree = "<group>"; };
		19192E4A1ACFAA5D004065E7 /* rss@2x.png */ = {isa = PBXFileReference; lastKnownFileType = image.png; path = "rss@2x.png"; sourceTree = "<group>"; };
		19192E4B1ACFAA5D004065E7 /* rss@3x.png */ = {isa = PBXFileReference; lastKnownFileType = image.png; path = "rss@3x.png"; sourceTree = "<group>"; };
		19192E4C1ACFAA5D004065E7 /* social@1x.png */ = {isa = PBXFileReference; lastKnownFileType = image.png; path = "social@1x.png"; sourceTree = "<group>"; };
		19192E4D1ACFAA5D004065E7 /* social@2x.png */ = {isa = PBXFileReference; lastKnownFileType = image.png; path = "social@2x.png"; sourceTree = "<group>"; };
		19192E4E1ACFAA5D004065E7 /* social@3x.png */ = {isa = PBXFileReference; lastKnownFileType = image.png; path = "social@3x.png"; sourceTree = "<group>"; };
		194AE71C1AF6E16C0015276D /* Bolts.framework */ = {isa = PBXFileReference; lastKnownFileType = wrapper.framework; path = Bolts.framework; sourceTree = "<group>"; };
		194AE71D1AF6E16C0015276D /* Parse.framework */ = {isa = PBXFileReference; lastKnownFileType = wrapper.framework; path = Parse.framework; sourceTree = "<group>"; };
		194AE7201AF6E1D30015276D /* AudioToolbox.framework */ = {isa = PBXFileReference; lastKnownFileType = wrapper.framework; name = AudioToolbox.framework; path = System/Library/Frameworks/AudioToolbox.framework; sourceTree = SDKROOT; };
		194AE7221AF6E3A60015276D /* CFNetwork.framework */ = {isa = PBXFileReference; lastKnownFileType = wrapper.framework; name = CFNetwork.framework; path = System/Library/Frameworks/CFNetwork.framework; sourceTree = SDKROOT; };
		194AE7241AF6E3AC0015276D /* CoreGraphics.framework */ = {isa = PBXFileReference; lastKnownFileType = wrapper.framework; name = CoreGraphics.framework; path = System/Library/Frameworks/CoreGraphics.framework; sourceTree = SDKROOT; };
		194AE7261AF6E3B10015276D /* CoreLocation.framework */ = {isa = PBXFileReference; lastKnownFileType = wrapper.framework; name = CoreLocation.framework; path = System/Library/Frameworks/CoreLocation.framework; sourceTree = SDKROOT; };
		194AE7281AF6E3B80015276D /* MobileCoreServices.framework */ = {isa = PBXFileReference; lastKnownFileType = wrapper.framework; name = MobileCoreServices.framework; path = System/Library/Frameworks/MobileCoreServices.framework; sourceTree = SDKROOT; };
		194AE72A1AF6E3BE0015276D /* QuartzCore.framework */ = {isa = PBXFileReference; lastKnownFileType = wrapper.framework; name = QuartzCore.framework; path = System/Library/Frameworks/QuartzCore.framework; sourceTree = SDKROOT; };
		194AE72C1AF6E3C40015276D /* Security.framework */ = {isa = PBXFileReference; lastKnownFileType = wrapper.framework; name = Security.framework; path = System/Library/Frameworks/Security.framework; sourceTree = SDKROOT; };
		194AE72E1AF6E3CA0015276D /* StoreKit.framework */ = {isa = PBXFileReference; lastKnownFileType = wrapper.framework; name = StoreKit.framework; path = System/Library/Frameworks/StoreKit.framework; sourceTree = SDKROOT; };
		194AE7301AF6E3D00015276D /* SystemConfiguration.framework */ = {isa = PBXFileReference; lastKnownFileType = wrapper.framework; name = SystemConfiguration.framework; path = System/Library/Frameworks/SystemConfiguration.framework; sourceTree = SDKROOT; };
		194AE7321AF6E3D60015276D /* libz.dylib */ = {isa = PBXFileReference; lastKnownFileType = "compiled.mach-o.dylib"; name = libz.dylib; path = usr/lib/libz.dylib; sourceTree = SDKROOT; };
		194AE7341AF6E3DE0015276D /* libsqlite3.dylib */ = {isa = PBXFileReference; lastKnownFileType = "compiled.mach-o.dylib"; name = libsqlite3.dylib; path = usr/lib/libsqlite3.dylib; sourceTree = SDKROOT; };
		194AE7361AF6E3E70015276D /* Accounts.framework */ = {isa = PBXFileReference; lastKnownFileType = wrapper.framework; name = Accounts.framework; path = System/Library/Frameworks/Accounts.framework; sourceTree = SDKROOT; };
		194AE7381AF6E3ED0015276D /* Social.framework */ = {isa = PBXFileReference; lastKnownFileType = wrapper.framework; name = Social.framework; path = System/Library/Frameworks/Social.framework; sourceTree = SDKROOT; };
		195C1A6E1ACF8693008D60C3 /* calagram.app */ = {isa = PBXFileReference; explicitFileType = wrapper.application; includeInIndex = 0; path = calagram.app; sourceTree = BUILT_PRODUCTS_DIR; };
		195C1A721ACF8693008D60C3 /* Info.plist */ = {isa = PBXFileReference; lastKnownFileType = text.plist.xml; path = Info.plist; sourceTree = "<group>"; };
		195C1A731ACF8693008D60C3 /* AppDelegate.swift */ = {isa = PBXFileReference; lastKnownFileType = sourcecode.swift; path = AppDelegate.swift; sourceTree = "<group>"; };
		195C1A781ACF8693008D60C3 /* Base */ = {isa = PBXFileReference; lastKnownFileType = file.storyboard; name = Base; path = Base.lproj/Main.storyboard; sourceTree = "<group>"; };
		195C1A7D1ACF8693008D60C3 /* Base */ = {isa = PBXFileReference; lastKnownFileType = file.xib; name = Base; path = Base.lproj/LaunchScreen.xib; sourceTree = "<group>"; };
		195C1A831ACF8693008D60C3 /* calagramTests.xctest */ = {isa = PBXFileReference; explicitFileType = wrapper.cfbundle; includeInIndex = 0; path = calagramTests.xctest; sourceTree = BUILT_PRODUCTS_DIR; };
		195C1A881ACF8693008D60C3 /* Info.plist */ = {isa = PBXFileReference; lastKnownFileType = text.plist.xml; name = Info.plist; path = calagramTests/Info.plist; sourceTree = SOURCE_ROOT; };
		195C1A891ACF8693008D60C3 /* calagramTests.swift */ = {isa = PBXFileReference; lastKnownFileType = sourcecode.swift; path = calagramTests.swift; sourceTree = "<group>"; };
		195C1A931ACF8746008D60C3 /* JCHomeViewController.swift */ = {isa = PBXFileReference; fileEncoding = 4; lastKnownFileType = sourcecode.swift; path = JCHomeViewController.swift; sourceTree = "<group>"; };
		1967AAE41AF99F2700275F2F /* calagram-Bridging-Header.h */ = {isa = PBXFileReference; lastKnownFileType = sourcecode.c.h; path = "calagram-Bridging-Header.h"; sourceTree = "<group>"; };
		1988DF851B0296A900249AC9 /* Media.xcassets */ = {isa = PBXFileReference; lastKnownFileType = folder.assetcatalog; path = Media.xcassets; sourceTree = "<group>"; };
		1990B58F1B3C900300543825 /* FacebookSDK.framework */ = {isa = PBXFileReference; lastKnownFileType = wrapper.framework; path = FacebookSDK.framework; sourceTree = "<group>"; };
		19ED7DA31AF8476F006D7C18 /* back@1x.png */ = {isa = PBXFileReference; lastKnownFileType = image.png; path = "back@1x.png"; sourceTree = "<group>"; };
		19ED7DA41AF8476F006D7C18 /* calendar@1x.png */ = {isa = PBXFileReference; lastKnownFileType = image.png; path = "calendar@1x.png"; sourceTree = "<group>"; };
		19ED7DA51AF8476F006D7C18 /* camera@1x.png */ = {isa = PBXFileReference; lastKnownFileType = image.png; path = "camera@1x.png"; sourceTree = "<group>"; };
		19ED7DA61AF8476F006D7C18 /* chat@1x.png */ = {isa = PBXFileReference; lastKnownFileType = image.png; path = "chat@1x.png"; sourceTree = "<group>"; };
		19ED7DA71AF8476F006D7C18 /* chat_filled@1x.png */ = {isa = PBXFileReference; lastKnownFileType = image.png; path = "chat_filled@1x.png"; sourceTree = "<group>"; };
		19ED7DA81AF8476F006D7C18 /* compass@1x.png */ = {isa = PBXFileReference; lastKnownFileType = image.png; path = "compass@1x.png"; sourceTree = "<group>"; };
		19ED7DA91AF8476F006D7C18 /* copyright@1x.png */ = {isa = PBXFileReference; lastKnownFileType = image.png; path = "copyright@1x.png"; sourceTree = "<group>"; };
		19ED7DAA1AF8476F006D7C18 /* home@1x.png */ = {isa = PBXFileReference; lastKnownFileType = image.png; path = "home@1x.png"; sourceTree = "<group>"; };
		19ED7DAB1AF8476F006D7C18 /* info@1x.png */ = {isa = PBXFileReference; lastKnownFileType = image.png; path = "info@1x.png"; sourceTree = "<group>"; };
		19ED7DAC1AF8476F006D7C18 /* location@1x.png */ = {isa = PBXFileReference; lastKnownFileType = image.png; path = "location@1x.png"; sourceTree = "<group>"; };
		19ED7DAD1AF8476F006D7C18 /* location_filled@1x.png */ = {isa = PBXFileReference; lastKnownFileType = image.png; path = "location_filled@1x.png"; sourceTree = "<group>"; };
		19ED7DAE1AF8476F006D7C18 /* user_male@1x.png */ = {isa = PBXFileReference; lastKnownFileType = image.png; path = "user_male@1x.png"; sourceTree = "<group>"; };
		19ED7DAF1AF8476F006D7C18 /* user_male_circle@1x.png */ = {isa = PBXFileReference; lastKnownFileType = image.png; path = "user_male_circle@1x.png"; sourceTree = "<group>"; };
		19ED7DB01AF8476F006D7C18 /* user_male_circle_filled@1x.png */ = {isa = PBXFileReference; lastKnownFileType = image.png; path = "user_male_circle_filled@1x.png"; sourceTree = "<group>"; };
		19ED7DB11AF8476F006D7C18 /* user_male_filled@1x.png */ = {isa = PBXFileReference; lastKnownFileType = image.png; path = "user_male_filled@1x.png"; sourceTree = "<group>"; };
		19ED7DB31AF8476F006D7C18 /* back@2x.png */ = {isa = PBXFileReference; lastKnownFileType = image.png; path = "back@2x.png"; sourceTree = "<group>"; };
		19ED7DB41AF8476F006D7C18 /* calendar@2x.png */ = {isa = PBXFileReference; lastKnownFileType = image.png; path = "calendar@2x.png"; sourceTree = "<group>"; };
		19ED7DB51AF8476F006D7C18 /* camera@2x.png */ = {isa = PBXFileReference; lastKnownFileType = image.png; path = "camera@2x.png"; sourceTree = "<group>"; };
		19ED7DB61AF8476F006D7C18 /* chat@2x.png */ = {isa = PBXFileReference; lastKnownFileType = image.png; path = "chat@2x.png"; sourceTree = "<group>"; };
		19ED7DB71AF8476F006D7C18 /* chat_filled@2x.png */ = {isa = PBXFileReference; lastKnownFileType = image.png; path = "chat_filled@2x.png"; sourceTree = "<group>"; };
		19ED7DB81AF8476F006D7C18 /* compass@2x.png */ = {isa = PBXFileReference; lastKnownFileType = image.png; path = "compass@2x.png"; sourceTree = "<group>"; };
		19ED7DB91AF8476F006D7C18 /* copyright@2x.png */ = {isa = PBXFileReference; lastKnownFileType = image.png; path = "copyright@2x.png"; sourceTree = "<group>"; };
		19ED7DBA1AF8476F006D7C18 /* home@2x.png */ = {isa = PBXFileReference; lastKnownFileType = image.png; path = "home@2x.png"; sourceTree = "<group>"; };
		19ED7DBB1AF8476F006D7C18 /* info@2x.png */ = {isa = PBXFileReference; lastKnownFileType = image.png; path = "info@2x.png"; sourceTree = "<group>"; };
		19ED7DBC1AF8476F006D7C18 /* location@2x.png */ = {isa = PBXFileReference; lastKnownFileType = image.png; path = "location@2x.png"; sourceTree = "<group>"; };
		19ED7DBD1AF8476F006D7C18 /* location_filled@2x.png */ = {isa = PBXFileReference; lastKnownFileType = image.png; path = "location_filled@2x.png"; sourceTree = "<group>"; };
		19ED7DBE1AF8476F006D7C18 /* user_male@2x.png */ = {isa = PBXFileReference; lastKnownFileType = image.png; path = "user_male@2x.png"; sourceTree = "<group>"; };
		19ED7DBF1AF8476F006D7C18 /* user_male_circle@2x.png */ = {isa = PBXFileReference; lastKnownFileType = image.png; path = "user_male_circle@2x.png"; sourceTree = "<group>"; };
		19ED7DC01AF8476F006D7C18 /* user_male_circle_filled@2x.png */ = {isa = PBXFileReference; lastKnownFileType = image.png; path = "user_male_circle_filled@2x.png"; sourceTree = "<group>"; };
		19ED7DC11AF8476F006D7C18 /* user_male_filled@2x@2x.png */ = {isa = PBXFileReference; lastKnownFileType = image.png; path = "user_male_filled@2x@2x.png"; sourceTree = "<group>"; };
		19ED7DC31AF8476F006D7C18 /* back@3x.png */ = {isa = PBXFileReference; lastKnownFileType = image.png; path = "back@3x.png"; sourceTree = "<group>"; };
		19ED7DC41AF8476F006D7C18 /* calendar@3x.png */ = {isa = PBXFileReference; lastKnownFileType = image.png; path = "calendar@3x.png"; sourceTree = "<group>"; };
		19ED7DC51AF8476F006D7C18 /* camera@3x.png */ = {isa = PBXFileReference; lastKnownFileType = image.png; path = "camera@3x.png"; sourceTree = "<group>"; };
		19ED7DC61AF8476F006D7C18 /* chat@3x.png */ = {isa = PBXFileReference; lastKnownFileType = image.png; path = "chat@3x.png"; sourceTree = "<group>"; };
		19ED7DC71AF8476F006D7C18 /* chat_filled@3x.png */ = {isa = PBXFileReference; lastKnownFileType = image.png; path = "chat_filled@3x.png"; sourceTree = "<group>"; };
		19ED7DC81AF8476F006D7C18 /* compass@3x.png */ = {isa = PBXFileReference; lastKnownFileType = image.png; path = "compass@3x.png"; sourceTree = "<group>"; };
		19ED7DC91AF8476F006D7C18 /* copyright@3x.png */ = {isa = PBXFileReference; lastKnownFileType = image.png; path = "copyright@3x.png"; sourceTree = "<group>"; };
		19ED7DCA1AF8476F006D7C18 /* home@3x.png */ = {isa = PBXFileReference; lastKnownFileType = image.png; path = "home@3x.png"; sourceTree = "<group>"; };
		19ED7DCB1AF8476F006D7C18 /* info@3x.png */ = {isa = PBXFileReference; lastKnownFileType = image.png; path = "info@3x.png"; sourceTree = "<group>"; };
		19ED7DCC1AF8476F006D7C18 /* location@3x.png */ = {isa = PBXFileReference; lastKnownFileType = image.png; path = "location@3x.png"; sourceTree = "<group>"; };
		19ED7DCD1AF8476F006D7C18 /* location_filled@3x.png */ = {isa = PBXFileReference; lastKnownFileType = image.png; path = "location_filled@3x.png"; sourceTree = "<group>"; };
		19ED7DCE1AF8476F006D7C18 /* user_male@3x.png */ = {isa = PBXFileReference; lastKnownFileType = image.png; path = "user_male@3x.png"; sourceTree = "<group>"; };
		19ED7DCF1AF8476F006D7C18 /* user_male_circle@3x.png */ = {isa = PBXFileReference; lastKnownFileType = image.png; path = "user_male_circle@3x.png"; sourceTree = "<group>"; };
		19ED7DD01AF8476F006D7C18 /* user_male_circle_filled@3x.png */ = {isa = PBXFileReference; lastKnownFileType = image.png; path = "user_male_circle_filled@3x.png"; sourceTree = "<group>"; };
		19ED7DD11AF8476F006D7C18 /* user_male_filled@3x.png */ = {isa = PBXFileReference; lastKnownFileType = image.png; path = "user_male_filled@3x.png"; sourceTree = "<group>"; };
		19ED7DFF1AF84E89006D7C18 /* LoginViewController.swift */ = {isa = PBXFileReference; fileEncoding = 4; lastKnownFileType = sourcecode.swift; path = LoginViewController.swift; sourceTree = "<group>"; };
		19ED7E011AF86186006D7C18 /* JCSearchViewController.swift */ = {isa = PBXFileReference; fileEncoding = 4; lastKnownFileType = sourcecode.swift; path = JCSearchViewController.swift; sourceTree = "<group>"; };
		19ED7E031AF86198006D7C18 /* JCCalagramViewController.swift */ = {isa = PBXFileReference; fileEncoding = 4; lastKnownFileType = sourcecode.swift; path = JCCalagramViewController.swift; sourceTree = "<group>"; };
		19ED7E051AF86289006D7C18 /* JCBusinessProfileViewController.swift */ = {isa = PBXFileReference; fileEncoding = 4; lastKnownFileType = sourcecode.swift; path = JCBusinessProfileViewController.swift; sourceTree = "<group>"; };
/* End PBXFileReference section */

/* Begin PBXFrameworksBuildPhase section */
		195C1A6B1ACF8693008D60C3 /* Frameworks */ = {
			isa = PBXFrameworksBuildPhase;
			buildActionMask = 2147483647;
			files = (
				194AE7391AF6E3ED0015276D /* Social.framework in Frameworks */,
				194AE7371AF6E3E70015276D /* Accounts.framework in Frameworks */,
				194AE7351AF6E3DE0015276D /* libsqlite3.dylib in Frameworks */,
				194AE7331AF6E3D60015276D /* libz.dylib in Frameworks */,
				194AE7311AF6E3D00015276D /* SystemConfiguration.framework in Frameworks */,
				194AE72F1AF6E3CA0015276D /* StoreKit.framework in Frameworks */,
				194AE72D1AF6E3C40015276D /* Security.framework in Frameworks */,
				194AE72B1AF6E3BE0015276D /* QuartzCore.framework in Frameworks */,
				1990B5901B3C900300543825 /* FacebookSDK.framework in Frameworks */,
				194AE7291AF6E3B80015276D /* MobileCoreServices.framework in Frameworks */,
				194AE7271AF6E3B10015276D /* CoreLocation.framework in Frameworks */,
				194AE7251AF6E3AC0015276D /* CoreGraphics.framework in Frameworks */,
				194AE7231AF6E3A60015276D /* CFNetwork.framework in Frameworks */,
				194AE7211AF6E1D30015276D /* AudioToolbox.framework in Frameworks */,
				194AE71F1AF6E16C0015276D /* Parse.framework in Frameworks */,
				194AE71E1AF6E16C0015276D /* Bolts.framework in Frameworks */,
			);
			runOnlyForDeploymentPostprocessing = 0;
		};
		195C1A801ACF8693008D60C3 /* Frameworks */ = {
			isa = PBXFrameworksBuildPhase;
			buildActionMask = 2147483647;
			files = (
			);
			runOnlyForDeploymentPostprocessing = 0;
		};
/* End PBXFrameworksBuildPhase section */

/* Begin PBXGroup section */
		19192E1D1ACFA41E004065E7 /* Images */ = {
			isa = PBXGroup;
			children = (
				1910131B1AFAFC1A00AFD04E /* profilePlaceholder.jpg */,
				19192E1E1ACFA459004065E7 /* status-gray@1x.png */,
				19192E1F1ACFA459004065E7 /* status-gray@2x.png */,
				19192E201ACFA459004065E7 /* status-gray@3x.png */,
				19192E211ACFA459004065E7 /* status-green@1x.png */,
				19192E221ACFA459004065E7 /* status-green@2x.png */,
				19192E231ACFA459004065E7 /* status-green@3x.png */,
				19192E241ACFA459004065E7 /* status-yellow@1x.png */,
				19192E251ACFA459004065E7 /* status-yellow@2x.png */,
				19192E261ACFA459004065E7 /* status-yellow@3x.png */,
			);
			name = Images;
			sourceTree = "<group>";
		};
		19192E301ACFAA4D004065E7 /* Icons2 */ = {
			isa = PBXGroup;
			children = (
				19192E431ACFAA5D004065E7 /* personal-hotspot@1x.png */,
				19192E441ACFAA5D004065E7 /* personal-hotspot@2x.png */,
				19192E451ACFAA5D004065E7 /* personal-hotspot@3x.png */,
				19192E461ACFAA5D004065E7 /* play@1x.png */,
				19192E471ACFAA5D004065E7 /* play@2x.png */,
				19192E481ACFAA5D004065E7 /* play@3x.png */,
				19192E491ACFAA5D004065E7 /* rss@1x.png */,
				19192E4A1ACFAA5D004065E7 /* rss@2x.png */,
				19192E4B1ACFAA5D004065E7 /* rss@3x.png */,
				19192E4C1ACFAA5D004065E7 /* social@1x.png */,
				19192E4D1ACFAA5D004065E7 /* social@2x.png */,
				19192E4E1ACFAA5D004065E7 /* social@3x.png */,
			);
			name = Icons2;
			sourceTree = "<group>";
		};
		194AE71A1AF6E11F0015276D /* Frameworks */ = {
			isa = PBXGroup;
			children = (
			);
			name = Frameworks;
			path = ../calagram;
			sourceTree = "<group>";
		};
		194AE71B1AF6E1580015276D /* Frameworks */ = {
			isa = PBXGroup;
			children = (
				1990B58F1B3C900300543825 /* FacebookSDK.framework */,
				194AE7381AF6E3ED0015276D /* Social.framework */,
				194AE7361AF6E3E70015276D /* Accounts.framework */,
				194AE7341AF6E3DE0015276D /* libsqlite3.dylib */,
				194AE7321AF6E3D60015276D /* libz.dylib */,
				194AE7301AF6E3D00015276D /* SystemConfiguration.framework */,
				194AE72E1AF6E3CA0015276D /* StoreKit.framework */,
				194AE72C1AF6E3C40015276D /* Security.framework */,
				194AE72A1AF6E3BE0015276D /* QuartzCore.framework */,
				194AE7281AF6E3B80015276D /* MobileCoreServices.framework */,
				194AE7261AF6E3B10015276D /* CoreLocation.framework */,
				194AE7241AF6E3AC0015276D /* CoreGraphics.framework */,
				194AE7221AF6E3A60015276D /* CFNetwork.framework */,
				194AE7201AF6E1D30015276D /* AudioToolbox.framework */,
				194AE71C1AF6E16C0015276D /* Bolts.framework */,
				194AE71D1AF6E16C0015276D /* Parse.framework */,
			);
			name = Frameworks;
			path = calagram;
			sourceTree = "<group>";
		};
		195C1A651ACF8693008D60C3 = {
			isa = PBXGroup;
			children = (
				195C1A701ACF8693008D60C3 /* calagram */,
				194AE71B1AF6E1580015276D /* Frameworks */,
				195C1A861ACF8693008D60C3 /* calagramTests */,
				195C1A6F1ACF8693008D60C3 /* Products */,
			);
			sourceTree = "<group>";
		};
		195C1A6F1ACF8693008D60C3 /* Products */ = {
			isa = PBXGroup;
			children = (
				195C1A6E1ACF8693008D60C3 /* calagram.app */,
				195C1A831ACF8693008D60C3 /* calagramTests.xctest */,
			);
			name = Products;
			sourceTree = "<group>";
		};
		195C1A701ACF8693008D60C3 /* calagram */ = {
			isa = PBXGroup;
			children = (
				195C1A731ACF8693008D60C3 /* AppDelegate.swift */,
				19ED7DFF1AF84E89006D7C18 /* LoginViewController.swift */,
				195C1A931ACF8746008D60C3 /* JCHomeViewController.swift */,
				19ED7E011AF86186006D7C18 /* JCSearchViewController.swift */,
				19ED7E031AF86198006D7C18 /* JCCalagramViewController.swift */,
				19ED7E051AF86289006D7C18 /* JCBusinessProfileViewController.swift */,
				195C1A771ACF8693008D60C3 /* Main.storyboard */,
				1988DF851B0296A900249AC9 /* Media.xcassets */,
				195C1A7C1ACF8693008D60C3 /* LaunchScreen.xib */,
				195C1A711ACF8693008D60C3 /* Supporting Files */,
				1967AAE41AF99F2700275F2F /* calagram-Bridging-Header.h */,
			);
			path = calagram;
			sourceTree = "<group>";
		};
		195C1A711ACF8693008D60C3 /* Supporting Files */ = {
			isa = PBXGroup;
			children = (
				19A9D3851AFAD5CF0069DB8C /* tempImages */,
				19ED7DA11AF8476F006D7C18 /* AllIcons */,
				19192E301ACFAA4D004065E7 /* Icons2 */,
				19192E1D1ACFA41E004065E7 /* Images */,
				195C1A721ACF8693008D60C3 /* Info.plist */,
				195C1A881ACF8693008D60C3 /* Info.plist */,
			);
			name = "Supporting Files";
			sourceTree = "<group>";
		};
		195C1A861ACF8693008D60C3 /* calagramTests */ = {
			isa = PBXGroup;
			children = (
				194AE71A1AF6E11F0015276D /* Frameworks */,
				195C1A891ACF8693008D60C3 /* calagramTests.swift */,
			);
			path = calagramTests;
			sourceTree = "<group>";
		};
		19A9D3851AFAD5CF0069DB8C /* tempImages */ = {
			isa = PBXGroup;
			children = (
				191013131AFAD81600AFD04E /* footBallField.jpg */,
				191013151AFAD95600AFD04E /* volleyBallCourt1.png */,
				191013171AFADB3100AFD04E /* cre.png */,
				191013181AFADB3100AFD04E /* neb.png */,
			);
			name = tempImages;
			sourceTree = "<group>";
		};
		19ED7DA11AF8476F006D7C18 /* AllIcons */ = {
			isa = PBXGroup;
			children = (
				19ED7DA21AF8476F006D7C18 /* Size1x */,
				19ED7DB21AF8476F006D7C18 /* Size2x */,
				19ED7DC21AF8476F006D7C18 /* Size3x */,
			);
			path = AllIcons;
			sourceTree = "<group>";
		};
		19ED7DA21AF8476F006D7C18 /* Size1x */ = {
			isa = PBXGroup;
			children = (
				19ED7DA31AF8476F006D7C18 /* back@1x.png */,
				19ED7DA41AF8476F006D7C18 /* calendar@1x.png */,
				19ED7DA51AF8476F006D7C18 /* camera@1x.png */,
				19ED7DA61AF8476F006D7C18 /* chat@1x.png */,
				19ED7DA71AF8476F006D7C18 /* chat_filled@1x.png */,
				19ED7DA81AF8476F006D7C18 /* compass@1x.png */,
				19ED7DA91AF8476F006D7C18 /* copyright@1x.png */,
				19ED7DAA1AF8476F006D7C18 /* home@1x.png */,
				19ED7DAB1AF8476F006D7C18 /* info@1x.png */,
				19ED7DAC1AF8476F006D7C18 /* location@1x.png */,
				19ED7DAD1AF8476F006D7C18 /* location_filled@1x.png */,
				19ED7DAE1AF8476F006D7C18 /* user_male@1x.png */,
				19ED7DAF1AF8476F006D7C18 /* user_male_circle@1x.png */,
				19ED7DB01AF8476F006D7C18 /* user_male_circle_filled@1x.png */,
				19ED7DB11AF8476F006D7C18 /* user_male_filled@1x.png */,
			);
			path = Size1x;
			sourceTree = "<group>";
		};
		19ED7DB21AF8476F006D7C18 /* Size2x */ = {
			isa = PBXGroup;
			children = (
				19ED7DB31AF8476F006D7C18 /* back@2x.png */,
				19ED7DB41AF8476F006D7C18 /* calendar@2x.png */,
				19ED7DB51AF8476F006D7C18 /* camera@2x.png */,
				19ED7DB61AF8476F006D7C18 /* chat@2x.png */,
				19ED7DB71AF8476F006D7C18 /* chat_filled@2x.png */,
				19ED7DB81AF8476F006D7C18 /* compass@2x.png */,
				19ED7DB91AF8476F006D7C18 /* copyright@2x.png */,
				19ED7DBA1AF8476F006D7C18 /* home@2x.png */,
				19ED7DBB1AF8476F006D7C18 /* info@2x.png */,
				19ED7DBC1AF8476F006D7C18 /* location@2x.png */,
				19ED7DBD1AF8476F006D7C18 /* location_filled@2x.png */,
				19ED7DBE1AF8476F006D7C18 /* user_male@2x.png */,
				19ED7DBF1AF8476F006D7C18 /* user_male_circle@2x.png */,
				19ED7DC01AF8476F006D7C18 /* user_male_circle_filled@2x.png */,
				19ED7DC11AF8476F006D7C18 /* user_male_filled@2x@2x.png */,
			);
			path = Size2x;
			sourceTree = "<group>";
		};
		19ED7DC21AF8476F006D7C18 /* Size3x */ = {
			isa = PBXGroup;
			children = (
				19ED7DC31AF8476F006D7C18 /* back@3x.png */,
				19ED7DC41AF8476F006D7C18 /* calendar@3x.png */,
				19ED7DC51AF8476F006D7C18 /* camera@3x.png */,
				19ED7DC61AF8476F006D7C18 /* chat@3x.png */,
				19ED7DC71AF8476F006D7C18 /* chat_filled@3x.png */,
				19ED7DC81AF8476F006D7C18 /* compass@3x.png */,
				19ED7DC91AF8476F006D7C18 /* copyright@3x.png */,
				19ED7DCA1AF8476F006D7C18 /* home@3x.png */,
				19ED7DCB1AF8476F006D7C18 /* info@3x.png */,
				19ED7DCC1AF8476F006D7C18 /* location@3x.png */,
				19ED7DCD1AF8476F006D7C18 /* location_filled@3x.png */,
				19ED7DCE1AF8476F006D7C18 /* user_male@3x.png */,
				19ED7DCF1AF8476F006D7C18 /* user_male_circle@3x.png */,
				19ED7DD01AF8476F006D7C18 /* user_male_circle_filled@3x.png */,
				19ED7DD11AF8476F006D7C18 /* user_male_filled@3x.png */,
			);
			path = Size3x;
			sourceTree = "<group>";
		};
/* End PBXGroup section */

/* Begin PBXNativeTarget section */
		195C1A6D1ACF8693008D60C3 /* calagram */ = {
			isa = PBXNativeTarget;
			buildConfigurationList = 195C1A8D1ACF8693008D60C3 /* Build configuration list for PBXNativeTarget "calagram" */;
			buildPhases = (
				195C1A6A1ACF8693008D60C3 /* Sources */,
				195C1A6B1ACF8693008D60C3 /* Frameworks */,
				195C1A6C1ACF8693008D60C3 /* Resources */,
			);
			buildRules = (
			);
			dependencies = (
			);
			name = calagram;
			productName = calagram;
			productReference = 195C1A6E1ACF8693008D60C3 /* calagram.app */;
			productType = "com.apple.product-type.application";
		};
		195C1A821ACF8693008D60C3 /* calagramTests */ = {
			isa = PBXNativeTarget;
			buildConfigurationList = 195C1A901ACF8693008D60C3 /* Build configuration list for PBXNativeTarget "calagramTests" */;
			buildPhases = (
				195C1A7F1ACF8693008D60C3 /* Sources */,
				195C1A801ACF8693008D60C3 /* Frameworks */,
				195C1A811ACF8693008D60C3 /* Resources */,
			);
			buildRules = (
			);
			dependencies = (
				195C1A851ACF8693008D60C3 /* PBXTargetDependency */,
			);
			name = calagramTests;
			productName = calagramTests;
			productReference = 195C1A831ACF8693008D60C3 /* calagramTests.xctest */;
			productType = "com.apple.product-type.bundle.unit-test";
		};
/* End PBXNativeTarget section */

/* Begin PBXProject section */
		195C1A661ACF8693008D60C3 /* Project object */ = {
			isa = PBXProject;
			attributes = {
				LastUpgradeCheck = 0620;
				ORGANIZATIONNAME = "jonathan caouette";
				TargetAttributes = {
					195C1A6D1ACF8693008D60C3 = {
						CreatedOnToolsVersion = 6.2;
						DevelopmentTeam = U4G9M8Y7L4;
					};
					195C1A821ACF8693008D60C3 = {
						CreatedOnToolsVersion = 6.2;
						TestTargetID = 195C1A6D1ACF8693008D60C3;
					};
				};
			};
			buildConfigurationList = 195C1A691ACF8693008D60C3 /* Build configuration list for PBXProject "calagram" */;
			compatibilityVersion = "Xcode 3.2";
			developmentRegion = English;
			hasScannedForEncodings = 0;
			knownRegions = (
				en,
				Base,
			);
			mainGroup = 195C1A651ACF8693008D60C3;
			productRefGroup = 195C1A6F1ACF8693008D60C3 /* Products */;
			projectDirPath = "";
			projectRoot = "";
			targets = (
				195C1A6D1ACF8693008D60C3 /* calagram */,
				195C1A821ACF8693008D60C3 /* calagramTests */,
			);
		};
/* End PBXProject section */

/* Begin PBXResourcesBuildPhase section */
		195C1A6C1ACF8693008D60C3 /* Resources */ = {
			isa = PBXResourcesBuildPhase;
			buildActionMask = 2147483647;
			files = (
				19192E651ACFAA5D004065E7 /* play@2x.png in Resources */,
				191013141AFAD81600AFD04E /* footBallField.jpg in Resources */,
				19ED7DDD1AF8476F006D7C18 /* user_male@1x.png in Resources */,
				1910131C1AFAFC1A00AFD04E /* profilePlaceholder.jpg in Resources */,
				19192E2A1ACFA459004065E7 /* status-green@1x.png in Resources */,
				19192E6A1ACFAA5D004065E7 /* social@1x.png in Resources */,
				19ED7DE71AF8476F006D7C18 /* copyright@2x.png in Resources */,
				19ED7DFB1AF8476F006D7C18 /* user_male@3x.png in Resources */,
				19ED7DE21AF8476F006D7C18 /* calendar@2x.png in Resources */,
				19ED7DE11AF8476F006D7C18 /* back@2x.png in Resources */,
				19ED7DDA1AF8476F006D7C18 /* info@1x.png in Resources */,
				19ED7DE31AF8476F006D7C18 /* camera@2x.png in Resources */,
				19ED7DFE1AF8476F006D7C18 /* user_male_filled@3x.png in Resources */,
				191013191AFADB3100AFD04E /* cre.png in Resources */,
				19ED7DD51AF8476F006D7C18 /* chat@1x.png in Resources */,
				19ED7DF11AF8476F006D7C18 /* calendar@3x.png in Resources */,
				19ED7DF81AF8476F006D7C18 /* info@3x.png in Resources */,
				19ED7DF71AF8476F006D7C18 /* home@3x.png in Resources */,
				19192E281ACFA459004065E7 /* status-gray@2x.png in Resources */,
				1910131A1AFADB3100AFD04E /* neb.png in Resources */,
				19ED7DD41AF8476F006D7C18 /* camera@1x.png in Resources */,
				19192E2E1ACFA459004065E7 /* status-yellow@2x.png in Resources */,
				19ED7DE41AF8476F006D7C18 /* chat@2x.png in Resources */,
				19ED7DED1AF8476F006D7C18 /* user_male_circle@2x.png in Resources */,
				19ED7DF51AF8476F006D7C18 /* compass@3x.png in Resources */,
				19ED7DEB1AF8476F006D7C18 /* location_filled@2x.png in Resources */,
				19ED7DF21AF8476F006D7C18 /* camera@3x.png in Resources */,
				19ED7DD71AF8476F006D7C18 /* compass@1x.png in Resources */,
				19ED7DE91AF8476F006D7C18 /* info@2x.png in Resources */,
				19ED7DD61AF8476F006D7C18 /* chat_filled@1x.png in Resources */,
				19192E691ACFAA5D004065E7 /* rss@3x.png in Resources */,
				19ED7DF41AF8476F006D7C18 /* chat_filled@3x.png in Resources */,
				19192E2F1ACFA459004065E7 /* status-yellow@3x.png in Resources */,
				19ED7DFD1AF8476F006D7C18 /* user_male_circle_filled@3x.png in Resources */,
				19ED7DF91AF8476F006D7C18 /* location@3x.png in Resources */,
				19192E2B1ACFA459004065E7 /* status-green@2x.png in Resources */,
				19ED7DD21AF8476F006D7C18 /* back@1x.png in Resources */,
				195C1A791ACF8693008D60C3 /* Main.storyboard in Resources */,
				191013161AFAD95600AFD04E /* volleyBallCourt1.png in Resources */,
				19ED7DE81AF8476F006D7C18 /* home@2x.png in Resources */,
				19192E291ACFA459004065E7 /* status-gray@3x.png in Resources */,
				19192E6C1ACFAA5D004065E7 /* social@3x.png in Resources */,
				195C1A7E1ACF8693008D60C3 /* LaunchScreen.xib in Resources */,
				19ED7DDE1AF8476F006D7C18 /* user_male_circle@1x.png in Resources */,
				19ED7DDF1AF8476F006D7C18 /* user_male_circle_filled@1x.png in Resources */,
				19192E671ACFAA5D004065E7 /* rss@1x.png in Resources */,
				19ED7DD31AF8476F006D7C18 /* calendar@1x.png in Resources */,
				19ED7DE61AF8476F006D7C18 /* compass@2x.png in Resources */,
				19192E631ACFAA5D004065E7 /* personal-hotspot@3x.png in Resources */,
				19192E6B1ACFAA5D004065E7 /* social@2x.png in Resources */,
				19ED7DDC1AF8476F006D7C18 /* location_filled@1x.png in Resources */,
				19ED7DF01AF8476F006D7C18 /* back@3x.png in Resources */,
				19ED7DEE1AF8476F006D7C18 /* user_male_circle_filled@2x.png in Resources */,
				19ED7DD91AF8476F006D7C18 /* home@1x.png in Resources */,
				19192E641ACFAA5D004065E7 /* play@1x.png in Resources */,
				1988DF861B0296A900249AC9 /* Media.xcassets in Resources */,
				19192E661ACFAA5D004065E7 /* play@3x.png in Resources */,
				19ED7DEA1AF8476F006D7C18 /* location@2x.png in Resources */,
				19ED7DF31AF8476F006D7C18 /* chat@3x.png in Resources */,
				19ED7DE01AF8476F006D7C18 /* user_male_filled@1x.png in Resources */,
				19ED7DFC1AF8476F006D7C18 /* user_male_circle@3x.png in Resources */,
				19192E621ACFAA5D004065E7 /* personal-hotspot@2x.png in Resources */,
				19192E271ACFA459004065E7 /* status-gray@1x.png in Resources */,
				19192E681ACFAA5D004065E7 /* rss@2x.png in Resources */,
				19192E611ACFAA5D004065E7 /* personal-hotspot@1x.png in Resources */,
				19ED7DEF1AF8476F006D7C18 /* user_male_filled@2x@2x.png in Resources */,
				19ED7DDB1AF8476F006D7C18 /* location@1x.png in Resources */,
				19ED7DF61AF8476F006D7C18 /* copyright@3x.png in Resources */,
				19ED7DFA1AF8476F006D7C18 /* location_filled@3x.png in Resources */,
				19ED7DE51AF8476F006D7C18 /* chat_filled@2x.png in Resources */,
				19ED7DD81AF8476F006D7C18 /* copyright@1x.png in Resources */,
				19192E2C1ACFA459004065E7 /* status-green@3x.png in Resources */,
				19ED7DEC1AF8476F006D7C18 /* user_male@2x.png in Resources */,
				19192E2D1ACFA459004065E7 /* status-yellow@1x.png in Resources */,
			);
			runOnlyForDeploymentPostprocessing = 0;
		};
		195C1A811ACF8693008D60C3 /* Resources */ = {
			isa = PBXResourcesBuildPhase;
			buildActionMask = 2147483647;
			files = (
			);
			runOnlyForDeploymentPostprocessing = 0;
		};
/* End PBXResourcesBuildPhase section */

/* Begin PBXSourcesBuildPhase section */
		195C1A6A1ACF8693008D60C3 /* Sources */ = {
			isa = PBXSourcesBuildPhase;
			buildActionMask = 2147483647;
			files = (
				19ED7E001AF84E89006D7C18 /* LoginViewController.swift in Sources */,
				19ED7E041AF86198006D7C18 /* JCCalagramViewController.swift in Sources */,
				19ED7E021AF86186006D7C18 /* JCSearchViewController.swift in Sources */,
				195C1A941ACF8746008D60C3 /* JCHomeViewController.swift in Sources */,
				195C1A741ACF8693008D60C3 /* AppDelegate.swift in Sources */,
				19ED7E061AF86289006D7C18 /* JCBusinessProfileViewController.swift in Sources */,
			);
			runOnlyForDeploymentPostprocessing = 0;
		};
		195C1A7F1ACF8693008D60C3 /* Sources */ = {
			isa = PBXSourcesBuildPhase;
			buildActionMask = 2147483647;
			files = (
				195C1A8A1ACF8693008D60C3 /* calagramTests.swift in Sources */,
			);
			runOnlyForDeploymentPostprocessing = 0;
		};
/* End PBXSourcesBuildPhase section */

/* Begin PBXTargetDependency section */
		195C1A851ACF8693008D60C3 /* PBXTargetDependency */ = {
			isa = PBXTargetDependency;
			target = 195C1A6D1ACF8693008D60C3 /* calagram */;
			targetProxy = 195C1A841ACF8693008D60C3 /* PBXContainerItemProxy */;
		};
/* End PBXTargetDependency section */

/* Begin PBXVariantGroup section */
		195C1A771ACF8693008D60C3 /* Main.storyboard */ = {
			isa = PBXVariantGroup;
			children = (
				195C1A781ACF8693008D60C3 /* Base */,
			);
			name = Main.storyboard;
			sourceTree = "<group>";
		};
		195C1A7C1ACF8693008D60C3 /* LaunchScreen.xib */ = {
			isa = PBXVariantGroup;
			children = (
				195C1A7D1ACF8693008D60C3 /* Base */,
			);
			name = LaunchScreen.xib;
			sourceTree = "<group>";
		};
/* End PBXVariantGroup section */

/* Begin XCBuildConfiguration section */
		195C1A8B1ACF8693008D60C3 /* Debug */ = {
			isa = XCBuildConfiguration;
			buildSettings = {
				ALWAYS_SEARCH_USER_PATHS = NO;
				CLANG_CXX_LANGUAGE_STANDARD = "gnu++0x";
				CLANG_CXX_LIBRARY = "libc++";
				CLANG_ENABLE_MODULES = YES;
				CLANG_ENABLE_OBJC_ARC = YES;
				CLANG_WARN_BOOL_CONVERSION = YES;
				CLANG_WARN_CONSTANT_CONVERSION = YES;
				CLANG_WARN_DIRECT_OBJC_ISA_USAGE = YES_ERROR;
				CLANG_WARN_EMPTY_BODY = YES;
				CLANG_WARN_ENUM_CONVERSION = YES;
				CLANG_WARN_INT_CONVERSION = YES;
				CLANG_WARN_OBJC_ROOT_CLASS = YES_ERROR;
				CLANG_WARN_UNREACHABLE_CODE = YES;
				CLANG_WARN__DUPLICATE_METHOD_MATCH = YES;
				"CODE_SIGN_IDENTITY[sdk=iphoneos*]" = "iPhone Developer";
				COPY_PHASE_STRIP = NO;
				ENABLE_STRICT_OBJC_MSGSEND = YES;
				GCC_C_LANGUAGE_STANDARD = gnu99;
				GCC_DYNAMIC_NO_PIC = NO;
				GCC_OPTIMIZATION_LEVEL = 0;
				GCC_PREPROCESSOR_DEFINITIONS = (
					"DEBUG=1",
					"$(inherited)",
				);
				GCC_SYMBOLS_PRIVATE_EXTERN = NO;
				GCC_WARN_64_TO_32_BIT_CONVERSION = YES;
				GCC_WARN_ABOUT_RETURN_TYPE = YES_ERROR;
				GCC_WARN_UNDECLARED_SELECTOR = YES;
				GCC_WARN_UNINITIALIZED_AUTOS = YES_AGGRESSIVE;
				GCC_WARN_UNUSED_FUNCTION = YES;
				GCC_WARN_UNUSED_VARIABLE = YES;
				IPHONEOS_DEPLOYMENT_TARGET = 8.2;
				MTL_ENABLE_DEBUG_INFO = YES;
				ONLY_ACTIVE_ARCH = YES;
				SDKROOT = iphoneos;
				SWIFT_OPTIMIZATION_LEVEL = "-Onone";
				TARGETED_DEVICE_FAMILY = "1,2";
			};
			name = Debug;
		};
		195C1A8C1ACF8693008D60C3 /* Release */ = {
			isa = XCBuildConfiguration;
			buildSettings = {
				ALWAYS_SEARCH_USER_PATHS = NO;
				CLANG_CXX_LANGUAGE_STANDARD = "gnu++0x";
				CLANG_CXX_LIBRARY = "libc++";
				CLANG_ENABLE_MODULES = YES;
				CLANG_ENABLE_OBJC_ARC = YES;
				CLANG_WARN_BOOL_CONVERSION = YES;
				CLANG_WARN_CONSTANT_CONVERSION = YES;
				CLANG_WARN_DIRECT_OBJC_ISA_USAGE = YES_ERROR;
				CLANG_WARN_EMPTY_BODY = YES;
				CLANG_WARN_ENUM_CONVERSION = YES;
				CLANG_WARN_INT_CONVERSION = YES;
				CLANG_WARN_OBJC_ROOT_CLASS = YES_ERROR;
				CLANG_WARN_UNREACHABLE_CODE = YES;
				CLANG_WARN__DUPLICATE_METHOD_MATCH = YES;
				"CODE_SIGN_IDENTITY[sdk=iphoneos*]" = "iPhone Developer";
				COPY_PHASE_STRIP = NO;
				ENABLE_NS_ASSERTIONS = NO;
				ENABLE_STRICT_OBJC_MSGSEND = YES;
				GCC_C_LANGUAGE_STANDARD = gnu99;
				GCC_WARN_64_TO_32_BIT_CONVERSION = YES;
				GCC_WARN_ABOUT_RETURN_TYPE = YES_ERROR;
				GCC_WARN_UNDECLARED_SELECTOR = YES;
				GCC_WARN_UNINITIALIZED_AUTOS = YES_AGGRESSIVE;
				GCC_WARN_UNUSED_FUNCTION = YES;
				GCC_WARN_UNUSED_VARIABLE = YES;
				IPHONEOS_DEPLOYMENT_TARGET = 8.2;
				MTL_ENABLE_DEBUG_INFO = NO;
				SDKROOT = iphoneos;
				TARGETED_DEVICE_FAMILY = "1,2";
				VALIDATE_PRODUCT = YES;
			};
			name = Release;
		};
		195C1A8E1ACF8693008D60C3 /* Debug */ = {
			isa = XCBuildConfiguration;
			buildSettings = {
				ASSETCATALOG_COMPILER_APPICON_NAME = AppIcon;
				CLANG_ENABLE_MODULES = YES;
				CODE_SIGN_IDENTITY = "iPhone Developer";
				FRAMEWORK_SEARCH_PATHS = (
					"$(inherited)",
					"$(PROJECT_DIR)/calagram",
					/Users/jonathancaouette/Documents/FacebookSDK,
				);
				INFOPLIST_FILE = calagram/Info.plist;
				LD_RUNPATH_SEARCH_PATHS = "$(inherited) @executable_path/Frameworks";
				PRODUCT_NAME = "$(TARGET_NAME)";
				SWIFT_OBJC_BRIDGING_HEADER = "calagram/calagram-Bridging-Header.h";
				SWIFT_OPTIMIZATION_LEVEL = "-Onone";
			};
			name = Debug;
		};
		195C1A8F1ACF8693008D60C3 /* Release */ = {
			isa = XCBuildConfiguration;
			buildSettings = {
				ASSETCATALOG_COMPILER_APPICON_NAME = AppIcon;
				CLANG_ENABLE_MODULES = YES;
				CODE_SIGN_IDENTITY = "iPhone Developer";
				FRAMEWORK_SEARCH_PATHS = (
					"$(inherited)",
					"$(PROJECT_DIR)/calagram",
					/Users/jonathancaouette/Documents/FacebookSDK,
				);
				INFOPLIST_FILE = calagram/Info.plist;
				LD_RUNPATH_SEARCH_PATHS = "$(inherited) @executable_path/Frameworks";
				PRODUCT_NAME = "$(TARGET_NAME)";
				SWIFT_OBJC_BRIDGING_HEADER = "calagram/calagram-Bridging-Header.h";
			};
			name = Release;
		};
		195C1A911ACF8693008D60C3 /* Debug */ = {
			isa = XCBuildConfiguration;
			buildSettings = {
				BUNDLE_LOADER = "$(TEST_HOST)";
				FRAMEWORK_SEARCH_PATHS = (
					"$(SDKROOT)/Developer/Library/Frameworks",
					"$(inherited)",
				);
				GCC_PREPROCESSOR_DEFINITIONS = (
					"DEBUG=1",
					"$(inherited)",
				);
				INFOPLIST_FILE = calagramTests/Info.plist;
				LD_RUNPATH_SEARCH_PATHS = "$(inherited) @executable_path/Frameworks @loader_path/Frameworks";
				PRODUCT_NAME = "$(TARGET_NAME)";
				TEST_HOST = "$(BUILT_PRODUCTS_DIR)/calagram.app/calagram";
			};
			name = Debug;
		};
		195C1A921ACF8693008D60C3 /* Release */ = {
			isa = XCBuildConfiguration;
			buildSettings = {
				BUNDLE_LOADER = "$(TEST_HOST)";
				FRAMEWORK_SEARCH_PATHS = (
					"$(SDKROOT)/Developer/Library/Frameworks",
					"$(inherited)",
				);
				INFOPLIST_FILE = calagramTests/Info.plist;
				LD_RUNPATH_SEARCH_PATHS = "$(inherited) @executable_path/Frameworks @loader_path/Frameworks";
				PRODUCT_NAME = "$(TARGET_NAME)";
				TEST_HOST = "$(BUILT_PRODUCTS_DIR)/calagram.app/calagram";
			};
			name = Release;
		};
/* End XCBuildConfiguration section */

/* Begin XCConfigurationList section */
		195C1A691ACF8693008D60C3 /* Build configuration list for PBXProject "calagram" */ = {
			isa = XCConfigurationList;
			buildConfigurations = (
				195C1A8B1ACF8693008D60C3 /* Debug */,
				195C1A8C1ACF8693008D60C3 /* Release */,
			);
			defaultConfigurationIsVisible = 0;
			defaultConfigurationName = Release;
		};
		195C1A8D1ACF8693008D60C3 /* Build configuration list for PBXNativeTarget "calagram" */ = {
			isa = XCConfigurationList;
			buildConfigurations = (
				195C1A8E1ACF8693008D60C3 /* Debug */,
				195C1A8F1ACF8693008D60C3 /* Release */,
			);
			defaultConfigurationIsVisible = 0;
			defaultConfigurationName = Release;
		};
		195C1A901ACF8693008D60C3 /* Build configuration list for PBXNativeTarget "calagramTests" */ = {
			isa = XCConfigurationList;
			buildConfigurations = (
				195C1A911ACF8693008D60C3 /* Debug */,
				195C1A921ACF8693008D60C3 /* Release */,
			);
			defaultConfigurationIsVisible = 0;
			defaultConfigurationName = Release;
		};
/* End XCConfigurationList section */
	};
	rootObject = 195C1A661ACF8693008D60C3 /* Project object */;
}
